
Microsoft Visual Studio Solution File, Format Version 12.00
# Visual Studio Version 17
VisualStudioVersion = 17.11.35327.3
MinimumVisualStudioVersion = 10.0.40219.1
Project("{FAE04EC0-301F-11D3-BF4B-00C04F79EFBC}") = "WebApplication1", "WebApplication1\WebApplication1.csproj", "{812CE463-2971-4839-AE3A-DAC55829B6AB}"
EndProject
Global
	GlobalSection(SolutionConfigurationPlatforms) = preSolution
		Debug|Any CPU = Debug|Any CPU
		Release|Any CPU = Release|Any CPU
	EndGlobalSection
	GlobalSection(ProjectConfigurationPlatforms) = postSolution
		{812CE463-2971-4839-AE3A-DAC55829B6AB}.Debug|Any CPU.ActiveCfg = Debug|Any CPU
		{812CE463-2971-4839-AE3A-DAC55829B6AB}.Debug|Any CPU.Build.0 = Debug|Any CPU
		{812CE463-2971-4839-AE3A-DAC55829B6AB}.Release|Any CPU.ActiveCfg = Release|Any CPU
		{812CE463-2971-4839-AE3A-DAC55829B6AB}.Release|Any CPU.Build.0 = Release|Any CPU
	EndGlobalSection
	GlobalSection(SolutionProperties) = preSolution
		HideSolutionNode = FALSE
	EndGlobalSection
	GlobalSection(ExtensibilityGlobals) = postSolution
		SolutionGuid = {8CC8D334-3F76-49B2-AF14-6FA0CA00E7E6}
	EndGlobalSection
EndGlobal
